
Microsoft Visual Studio Solution File, Format Version 12.00
# Visual Studio Version 17
VisualStudioVersion = 17.1.32228.430
MinimumVisualStudioVersion = 10.0.40219.1
Project("{FAE04EC0-301F-11D3-BF4B-00C04F79EFBC}") = "MemberDetails", "MemberDetails\MemberDetails.csproj", "{C36E5DF5-E4D4-4443-A9F5-83DA94BE1D58}"
EndProject
Project("{FAE04EC0-301F-11D3-BF4B-00C04F79EFBC}") = "MemberDetails.DataStore", "MemberDetails.DataStore\MemberDetails.DataStore.csproj", "{E47C5455-6D2B-47BC-9724-A4153052ECA8}"
EndProject
Global
	GlobalSection(SolutionConfigurationPlatforms) = preSolution
		Debug|Any CPU = Debug|Any CPU
		Release|Any CPU = Release|Any CPU
	EndGlobalSection
	GlobalSection(ProjectConfigurationPlatforms) = postSolution
		{C36E5DF5-E4D4-4443-A9F5-83DA94BE1D58}.Debug|Any CPU.ActiveCfg = Debug|Any CPU
		{C36E5DF5-E4D4-4443-A9F5-83DA94BE1D58}.Debug|Any CPU.Build.0 = Debug|Any CPU
		{C36E5DF5-E4D4-4443-A9F5-83DA94BE1D58}.Release|Any CPU.ActiveCfg = Release|Any CPU
		{C36E5DF5-E4D4-4443-A9F5-83DA94BE1D58}.Release|Any CPU.Build.0 = Release|Any CPU
		{E47C5455-6D2B-47BC-9724-A4153052ECA8}.Debug|Any CPU.ActiveCfg = Debug|Any CPU
		{E47C5455-6D2B-47BC-9724-A4153052ECA8}.Debug|Any CPU.Build.0 = Debug|Any CPU
		{E47C5455-6D2B-47BC-9724-A4153052ECA8}.Release|Any CPU.ActiveCfg = Release|Any CPU
		{E47C5455-6D2B-47BC-9724-A4153052ECA8}.Release|Any CPU.Build.0 = Release|Any CPU
	EndGlobalSection
	GlobalSection(SolutionProperties) = preSolution
		HideSolutionNode = FALSE
	EndGlobalSection
	GlobalSection(ExtensibilityGlobals) = postSolution
		SolutionGuid = {0784EA3D-BA25-43D6-9BA9-DFC3552C7646}
	EndGlobalSection
EndGlobal
